
Microsoft Visual Studio Solution File, Format Version 12.00
# Visual Studio Express 2012 for Windows Desktop
Project("{FAE04EC0-301F-11D3-BF4B-00C04F79EFBC}") = "Bonsai.PointGrey", "Bonsai.PointGrey\Bonsai.PointGrey.csproj", "{448BFA33-8556-419C-B317-A69B7D1BCE66}"
EndProject
Global
	GlobalSection(SolutionConfigurationPlatforms) = preSolution
		Debug|Any CPU = Debug|Any CPU
		Release|Any CPU = Release|Any CPU
	EndGlobalSection
	GlobalSection(ProjectConfigurationPlatforms) = postSolution
		{448BFA33-8556-419C-B317-A69B7D1BCE66}.Debug|Any CPU.ActiveCfg = Debug|Any CPU
		{448BFA33-8556-419C-B317-A69B7D1BCE66}.Debug|Any CPU.Build.0 = Debug|Any CPU
		{448BFA33-8556-419C-B317-A69B7D1BCE66}.Release|Any CPU.ActiveCfg = Release|Any CPU
		{448BFA33-8556-419C-B317-A69B7D1BCE66}.Release|Any CPU.Build.0 = Release|Any CPU
	EndGlobalSection
	GlobalSection(SolutionProperties) = preSolution
		HideSolutionNode = FALSE
	EndGlobalSection
EndGlobal
